{
  "name": "ucode-lint",
  "version": "0.1.0",
  "lockfileVersion": 3,
  "requires": true,
  "packages": {
    "": {
      "name": "ucode-lint",
      "version": "0.1.0",
      "license": "MIT",
      "dependencies": {
        "@ast-grep/napi": "^0.43.0",
        "tree-sitter-ucode": "file:../tree-sitter-ucode",
        "yaml": "^2.9.0"
      },
      "bin": {
        "ucode-lint": "bin/ucode-lint"
      },
      "engines": {
        "node": ">=18"
      },
      "optionalDependencies": {
        "@ast-grep/napi-darwin-arm64": "0.43.0",
        "@ast-grep/napi-darwin-x64": "0.43.0",
        "@ast-grep/napi-linux-arm64-gnu": "0.43.0",
        "@ast-grep/napi-linux-arm64-musl": "0.43.0",
        "@ast-grep/napi-linux-x64-gnu": "0.43.0",
        "@ast-grep/napi-linux-x64-musl": "0.43.0",
        "@ast-grep/napi-win32-arm64-msvc": "0.43.0",
        "@ast-grep/napi-win32-x64-msvc": "0.43.0"
      }
    },
    "../tree-sitter-ucode": {
      "version": "0.1.0",
      "hasInstallScript": true,
      "license": "MIT",
      "dependencies": {
        "node-addon-api": "^8.3.1",
        "node-gyp-build": "^4.8.4"
      },
      "devDependencies": {
        "prebuildify": "^6.0.1",
        "tree-sitter-cli": "^0.26.0"
      },
      "peerDependencies": {
        "tree-sitter": "^0.22.0"
      },
      "peerDependenciesMeta": {
        "tree-sitter": {
          "optional": true
        }
      }
    },
    "node_modules/@ast-grep/napi": {
      "version": "0.43.0",
      "resolved": "https://registry.npmjs.org/@ast-grep/napi/-/napi-0.43.0.tgz",
      "integrity": "sha512-dPugC04xwgk3gJl17jJvTjVjx1IXtWI9EcEQ0szlh0jg1UfvGDdZJo9/S9Pk7gzGBNd2bW8hIL3dG6K4T8PEJA==",
      "license": "MIT",
      "engines": {
        "node": ">= 10"
      },
      "optionalDependencies": {
        "@ast-grep/napi-darwin-arm64": "0.43.0",
        "@ast-grep/napi-darwin-x64": "0.43.0",
        "@ast-grep/napi-linux-arm64-gnu": "0.43.0",
        "@ast-grep/napi-linux-arm64-musl": "0.43.0",
        "@ast-grep/napi-linux-x64-gnu": "0.43.0",
        "@ast-grep/napi-linux-x64-musl": "0.43.0",
        "@ast-grep/napi-win32-arm64-msvc": "0.43.0",
        "@ast-grep/napi-win32-ia32-msvc": "0.43.0",
        "@ast-grep/napi-win32-x64-msvc": "0.43.0"
      }
    },
    "node_modules/@ast-grep/napi-darwin-arm64": {
      "version": "0.43.0",
      "resolved": "https://registry.npmjs.org/@ast-grep/napi-darwin-arm64/-/napi-darwin-arm64-0.43.0.tgz",
      "integrity": "sha512-JBWYRNJsQ/8yfcMDARFxcl1fVZ6+kv3sHB+ClKgSCe9DNoLvGQfqGr9UGRrNOModvXY6cX+c87iAPqPGftUUiw==",
      "cpu": [
        "arm64"
      ],
      "license": "MIT",
      "optional": true,
      "os": [
        "darwin"
      ],
      "engines": {
        "node": ">= 10"
      }
    },
    "node_modules/@ast-grep/napi-darwin-x64": {
      "version": "0.43.0",
      "resolved": "https://registry.npmjs.org/@ast-grep/napi-darwin-x64/-/napi-darwin-x64-0.43.0.tgz",
      "integrity": "sha512-oqE/bC/uAEctnAbzqobplidExsPym4CQq7JDVD9HpkHpDHzMzPBF69whv/Qu0ZwrkXr48GCMKO5G6p+OB5n+kQ==",
      "cpu": [
        "x64"
      ],
      "license": "MIT",
      "optional": true,
      "os": [
        "darwin"
      ],
      "engines": {
        "node": ">= 10"
      }
    },
    "node_modules/@ast-grep/napi-linux-arm64-gnu": {
      "version": "0.43.0",
      "resolved": "https://registry.npmjs.org/@ast-grep/napi-linux-arm64-gnu/-/napi-linux-arm64-gnu-0.43.0.tgz",
      "integrity": "sha512-yJSRPxwwrvVW94J2rtaatcixSAGWcSaHNbAh6soXD6HXgq6I7uMc+cyMnJstFL789yd6Pu3QIhTlpD9VY0oYhw==",
      "cpu": [
        "arm64"
      ],
      "libc": [
        "glibc"
      ],
      "license": "MIT",
      "optional": true,
      "os": [
        "linux"
      ],
      "engines": {
        "node": ">= 10"
      }
    },
    "node_modules/@ast-grep/napi-linux-arm64-musl": {
      "version": "0.43.0",
      "resolved": "https://registry.npmjs.org/@ast-grep/napi-linux-arm64-musl/-/napi-linux-arm64-musl-0.43.0.tgz",
      "integrity": "sha512-mknXLDsf66HvT/JEl18ZQSvR7/qWgWfqh3eHuVRqD2lE6cKBDXRnAzx9ZNZkUnL2Z5ph54Yk8dKVu09k45cegA==",
      "cpu": [
        "arm64"
      ],
      "libc": [
        "musl"
      ],
      "license": "MIT",
      "optional": true,
      "os": [
        "linux"
      ],
      "engines": {
        "node": ">= 10"
      }
    },
    "node_modules/@ast-grep/napi-linux-x64-gnu": {
      "version": "0.43.0",
      "resolved": "https://registry.npmjs.org/@ast-grep/napi-linux-x64-gnu/-/napi-linux-x64-gnu-0.43.0.tgz",
      "integrity": "sha512-KM6M5KKFsHG9Y7VKCKnMsWQQ1sYwj/SPdyr91SKp66AeFJ5xMtXb13WVQ3Joe9NEsi84dzzOBIJgMddz+UMvQw==",
      "cpu": [
        "x64"
      ],
      "libc": [
        "glibc"
      ],
      "license": "MIT",
      "optional": true,
      "os": [
        "linux"
      ],
      "engines": {
        "node": ">= 10"
      }
    },
    "node_modules/@ast-grep/napi-linux-x64-musl": {
      "version": "0.43.0",
      "resolved": "https://registry.npmjs.org/@ast-grep/napi-linux-x64-musl/-/napi-linux-x64-musl-0.43.0.tgz",
      "integrity": "sha512-NfjI74m7CEEOsLi7ZkYwcxY10CfKIHPHRrr9aqMulmnrC4FGvxQMk1qpDrTqkjmEd8LdZt3PsPrmBa8AZCErew==",
      "cpu": [
        "x64"
      ],
      "libc": [
        "musl"
      ],
      "license": "MIT",
      "optional": true,
      "os": [
        "linux"
      ],
      "engines": {
        "node": ">= 10"
      }
    },
    "node_modules/@ast-grep/napi-win32-arm64-msvc": {
      "version": "0.43.0",
      "resolved": "https://registry.npmjs.org/@ast-grep/napi-win32-arm64-msvc/-/napi-win32-arm64-msvc-0.43.0.tgz",
      "integrity": "sha512-8qwXz3oogh834bXmNLtgsQYsuQi4ZDu4e1He/q+ENhVfjIr4IZRAUc1CoKZgWn+ZSE+B0NJJIxT8Vre2l0Q1Lg==",
      "cpu": [
        "arm64"
      ],
      "license": "MIT",
      "optional": true,
      "os": [
        "win32"
      ],
      "engines": {
        "node": ">= 10"
      }
    },
    "node_modules/@ast-grep/napi-win32-ia32-msvc": {
      "version": "0.43.0",
      "resolved": "https://registry.npmjs.org/@ast-grep/napi-win32-ia32-msvc/-/napi-win32-ia32-msvc-0.43.0.tgz",
      "integrity": "sha512-wUI/B9QNPzi0K7LlyO7eWvwhqFChM6+O4r5dfBfnOlkP1s/AZ04FdYaC9KAZiODE4FCWbeHbfO03RYOdWeF6eg==",
      "cpu": [
        "ia32"
      ],
      "license": "MIT",
      "optional": true,
      "os": [
        "win32"
      ],
      "engines": {
        "node": ">= 10"
      }
    },
    "node_modules/@ast-grep/napi-win32-x64-msvc": {
      "version": "0.43.0",
      "resolved": "https://registry.npmjs.org/@ast-grep/napi-win32-x64-msvc/-/napi-win32-x64-msvc-0.43.0.tgz",
      "integrity": "sha512-GsGIwYiThKiK9XPGBEguZAs4aIBgv6+DgosBs6ve2a3L390AaLqitoc+bbRz4Eu51URlFKmNP7TtvnAJbMi8QQ==",
      "cpu": [
        "x64"
      ],
      "license": "MIT",
      "optional": true,
      "os": [
        "win32"
      ],
      "engines": {
        "node": ">= 10"
      }
    },
    "node_modules/tree-sitter-ucode": {
      "resolved": "../tree-sitter-ucode",
      "link": true
    },
    "node_modules/yaml": {
      "version": "2.9.0",
      "resolved": "https://registry.npmjs.org/yaml/-/yaml-2.9.0.tgz",
      "integrity": "sha512-2AvhNX3mb8zd6Zy7INTtSpl1F15HW6Wnqj0srWlkKLcpYl/gMIMJiyuGq2KeI2YFxUPjdlB+3Lc10seMLtL4cA==",
      "license": "ISC",
      "bin": {
        "yaml": "bin.mjs"
      },
      "engines": {
        "node": ">= 14.6"
      },
      "funding": {
        "url": "https://github.com/sponsors/eemeli"
      }
    }
  }
}
